
Microsoft Visual Studio Solution File, Format Version 12.00
# Visual Studio Version 17
VisualStudioVersion = 17.5.002.0
MinimumVisualStudioVersion = 10.0.40219.1
Project("{9A19103F-16F7-4668-BE54-9A1E7A4F7556}") = "ConnectAPI", "ConnectAPI.csproj", "{38554C05-B391-4055-9D09-DAAAE7C1D6A2}"
EndProject
Global
	GlobalSection(SolutionConfigurationPlatforms) = preSolution
		Debug|Any CPU = Debug|Any CPU
		Release|Any CPU = Release|Any CPU
	EndGlobalSection
	GlobalSection(ProjectConfigurationPlatforms) = postSolution
		{38554C05-B391-4055-9D09-DAAAE7C1D6A2}.Debug|Any CPU.ActiveCfg = Debug|Any CPU
		{38554C05-B391-4055-9D09-DAAAE7C1D6A2}.Debug|Any CPU.Build.0 = Debug|Any CPU
		{38554C05-B391-4055-9D09-DAAAE7C1D6A2}.Release|Any CPU.ActiveCfg = Release|Any CPU
		{38554C05-B391-4055-9D09-DAAAE7C1D6A2}.Release|Any CPU.Build.0 = Release|Any CPU
	EndGlobalSection
	GlobalSection(SolutionProperties) = preSolution
		HideSolutionNode = FALSE
	EndGlobalSection
	GlobalSection(ExtensibilityGlobals) = postSolution
		SolutionGuid = {E74D1D79-DF6A-4406-A85C-304F0B04C14E}
	EndGlobalSection
EndGlobal
